
Microsoft Visual Studio Solution File, Format Version 12.00
# Visual Studio 15
VisualStudioVersion = 15.0.26228.4
MinimumVisualStudioVersion = 10.0.40219.1
Project("{FAE04EC0-301F-11D3-BF4B-00C04F79EFBC}") = "ISSUE-TRACKING", "ISSUE-TRACKING\ISSUE-TRACKING\ISSUE-TRACKING.csproj", "{C11B7498-BB33-4995-94B6-5F240262B5CC}"
EndProject
Project("{2150E333-8FDC-42A3-9474-1A3956D46DE8}") = "99-Utils", "99-Utils", "{71C6BC57-3C77-4E68-8B92-0E95D7132CB2}"
EndProject
Project("{FAE04EC0-301F-11D3-BF4B-00C04F79EFBC}") = "ISSUE-TRACKING.Utils", "ISSUE-TRACKING\ISSUE-TRACKING.Utils\ISSUE-TRACKING.Utils.csproj", "{87486652-D737-4885-A5AB-7AC012375C25}"
EndProject
Project("{FAE04EC0-301F-11D3-BF4B-00C04F79EFBC}") = "ISSUE-TRACKING.Web", "ISSUE-TRACKING\ISSUE-TRACKING.Web\ISSUE-TRACKING.Web.csproj", "{61064D85-F067-4CF2-8BC4-7857EA1EE2C6}"
EndProject
Project("{2150E333-8FDC-42A3-9474-1A3956D46DE8}") = "01-Web", "01-Web", "{918413AE-8D94-489E-9BC1-D2C59578E728}"
EndProject
Project("{2150E333-8FDC-42A3-9474-1A3956D46DE8}") = "02-Business", "02-Business", "{3B08D80B-FA90-4A59-B74A-2FF83AF55C96}"
EndProject
Project("{2150E333-8FDC-42A3-9474-1A3956D46DE8}") = "03-Services", "03-Services", "{EF98C5D3-B9A5-4099-8D4F-0AC4C87D8660}"
EndProject
Project("{FAE04EC0-301F-11D3-BF4B-00C04F79EFBC}") = "ISSUE-TRACKING.Common.DataSvc", "ISSUE-TRACKING\ISSUE-TRACKING.Common.DataSvc\ISSUE-TRACKING.Common.DataSvc.csproj", "{BEDCB154-464A-4CD9-9363-38A57480BCEB}"
EndProject
Project("{FAE04EC0-301F-11D3-BF4B-00C04F79EFBC}") = "ISSUE-TRACKING.Common.Api", "ISSUE-TRACKING\ISSUE-TRACKING.Common.Api\ISSUE-TRACKING.Common.Api.csproj", "{14D71B89-9726-458E-8E5D-E1B27F3D44AF}"
EndProject
Global
	GlobalSection(SolutionConfigurationPlatforms) = preSolution
		Debug|Any CPU = Debug|Any CPU
		Release|Any CPU = Release|Any CPU
	EndGlobalSection
	GlobalSection(ProjectConfigurationPlatforms) = postSolution
		{C11B7498-BB33-4995-94B6-5F240262B5CC}.Debug|Any CPU.ActiveCfg = Debug|Any CPU
		{C11B7498-BB33-4995-94B6-5F240262B5CC}.Debug|Any CPU.Build.0 = Debug|Any CPU
		{C11B7498-BB33-4995-94B6-5F240262B5CC}.Release|Any CPU.ActiveCfg = Release|Any CPU
		{C11B7498-BB33-4995-94B6-5F240262B5CC}.Release|Any CPU.Build.0 = Release|Any CPU
		{87486652-D737-4885-A5AB-7AC012375C25}.Debug|Any CPU.ActiveCfg = Debug|Any CPU
		{87486652-D737-4885-A5AB-7AC012375C25}.Debug|Any CPU.Build.0 = Debug|Any CPU
		{87486652-D737-4885-A5AB-7AC012375C25}.Release|Any CPU.ActiveCfg = Release|Any CPU
		{87486652-D737-4885-A5AB-7AC012375C25}.Release|Any CPU.Build.0 = Release|Any CPU
		{61064D85-F067-4CF2-8BC4-7857EA1EE2C6}.Debug|Any CPU.ActiveCfg = Debug|Any CPU
		{61064D85-F067-4CF2-8BC4-7857EA1EE2C6}.Debug|Any CPU.Build.0 = Debug|Any CPU
		{61064D85-F067-4CF2-8BC4-7857EA1EE2C6}.Release|Any CPU.ActiveCfg = Release|Any CPU
		{61064D85-F067-4CF2-8BC4-7857EA1EE2C6}.Release|Any CPU.Build.0 = Release|Any CPU
		{BEDCB154-464A-4CD9-9363-38A57480BCEB}.Debug|Any CPU.ActiveCfg = Debug|Any CPU
		{BEDCB154-464A-4CD9-9363-38A57480BCEB}.Debug|Any CPU.Build.0 = Debug|Any CPU
		{BEDCB154-464A-4CD9-9363-38A57480BCEB}.Release|Any CPU.ActiveCfg = Release|Any CPU
		{BEDCB154-464A-4CD9-9363-38A57480BCEB}.Release|Any CPU.Build.0 = Release|Any CPU
		{14D71B89-9726-458E-8E5D-E1B27F3D44AF}.Debug|Any CPU.ActiveCfg = Debug|Any CPU
		{14D71B89-9726-458E-8E5D-E1B27F3D44AF}.Debug|Any CPU.Build.0 = Debug|Any CPU
		{14D71B89-9726-458E-8E5D-E1B27F3D44AF}.Release|Any CPU.ActiveCfg = Release|Any CPU
		{14D71B89-9726-458E-8E5D-E1B27F3D44AF}.Release|Any CPU.Build.0 = Release|Any CPU
	EndGlobalSection
	GlobalSection(SolutionProperties) = preSolution
		HideSolutionNode = FALSE
	EndGlobalSection
	GlobalSection(NestedProjects) = preSolution
		{C11B7498-BB33-4995-94B6-5F240262B5CC} = {918413AE-8D94-489E-9BC1-D2C59578E728}
		{87486652-D737-4885-A5AB-7AC012375C25} = {71C6BC57-3C77-4E68-8B92-0E95D7132CB2}
		{61064D85-F067-4CF2-8BC4-7857EA1EE2C6} = {71C6BC57-3C77-4E68-8B92-0E95D7132CB2}
		{BEDCB154-464A-4CD9-9363-38A57480BCEB} = {EF98C5D3-B9A5-4099-8D4F-0AC4C87D8660}
		{14D71B89-9726-458E-8E5D-E1B27F3D44AF} = {3B08D80B-FA90-4A59-B74A-2FF83AF55C96}
	EndGlobalSection
EndGlobal
